
Microsoft Visual Studio Solution File, Format Version 12.00
Project("{FAE04EC0-301F-11D3-BF4B-00C04F79EFBC}") = "JohnnyDevCraft.Repositories", "JohnnyDevCraft.Repositories\JohnnyDevCraft.Repositories.csproj", "{D6678FC8-B318-499F-9793-14F2AC02958A}"
EndProject
Global
	GlobalSection(SolutionConfigurationPlatforms) = preSolution
		Debug|Any CPU = Debug|Any CPU
		Release|Any CPU = Release|Any CPU
	EndGlobalSection
	GlobalSection(ProjectConfigurationPlatforms) = postSolution
		{D6678FC8-B318-499F-9793-14F2AC02958A}.Debug|Any CPU.ActiveCfg = Debug|Any CPU
		{D6678FC8-B318-499F-9793-14F2AC02958A}.Debug|Any CPU.Build.0 = Debug|Any CPU
		{D6678FC8-B318-499F-9793-14F2AC02958A}.Release|Any CPU.ActiveCfg = Release|Any CPU
		{D6678FC8-B318-499F-9793-14F2AC02958A}.Release|Any CPU.Build.0 = Release|Any CPU
	EndGlobalSection
EndGlobal
